
Microsoft Visual Studio Solution File, Format Version 12.00
# Visual Studio Version 16
VisualStudioVersion = 16.0.32802.440
MinimumVisualStudioVersion = 10.0.40219.1
Project("{FAE04EC0-301F-11D3-BF4B-00C04F79EFBC}") = "Back", "Back\Back.csproj", "{5F04308A-1BF2-4F28-A00C-06930F2BCD17}"
EndProject
Global
	GlobalSection(SolutionConfigurationPlatforms) = preSolution
		Debug|Any CPU = Debug|Any CPU
		Release|Any CPU = Release|Any CPU
	EndGlobalSection
	GlobalSection(ProjectConfigurationPlatforms) = postSolution
		{5F04308A-1BF2-4F28-A00C-06930F2BCD17}.Debug|Any CPU.ActiveCfg = Debug|Any CPU
		{5F04308A-1BF2-4F28-A00C-06930F2BCD17}.Debug|Any CPU.Build.0 = Debug|Any CPU
		{5F04308A-1BF2-4F28-A00C-06930F2BCD17}.Release|Any CPU.ActiveCfg = Release|Any CPU
		{5F04308A-1BF2-4F28-A00C-06930F2BCD17}.Release|Any CPU.Build.0 = Release|Any CPU
	EndGlobalSection
	GlobalSection(SolutionProperties) = preSolution
		HideSolutionNode = FALSE
	EndGlobalSection
	GlobalSection(ExtensibilityGlobals) = postSolution
		SolutionGuid = {C7203ED1-FFF1-42E8-B317-6115CEE00237}
	EndGlobalSection
EndGlobal
